
Microsoft Visual Studio Solution File, Format Version 12.00
# Visual Studio Version 17
VisualStudioVersion = 17.11.35208.52
MinimumVisualStudioVersion = 10.0.40219.1
Project("{FAE04EC0-301F-11D3-BF4B-00C04F79EFBC}") = "API3", "API3.csproj", "{7F4CA16F-6740-4A84-BAE0-622F7719FFD1}"
EndProject
Global
	GlobalSection(SolutionConfigurationPlatforms) = preSolution
		Debug|Any CPU = Debug|Any CPU
		Release|Any CPU = Release|Any CPU
	EndGlobalSection
	GlobalSection(ProjectConfigurationPlatforms) = postSolution
		{7F4CA16F-6740-4A84-BAE0-622F7719FFD1}.Debug|Any CPU.ActiveCfg = Debug|Any CPU
		{7F4CA16F-6740-4A84-BAE0-622F7719FFD1}.Debug|Any CPU.Build.0 = Debug|Any CPU
		{7F4CA16F-6740-4A84-BAE0-622F7719FFD1}.Release|Any CPU.ActiveCfg = Release|Any CPU
		{7F4CA16F-6740-4A84-BAE0-622F7719FFD1}.Release|Any CPU.Build.0 = Release|Any CPU
	EndGlobalSection
	GlobalSection(SolutionProperties) = preSolution
		HideSolutionNode = FALSE
	EndGlobalSection
	GlobalSection(ExtensibilityGlobals) = postSolution
		SolutionGuid = {CA333ACC-B717-4326-BDD8-71BA020F6310}
	EndGlobalSection
EndGlobal
